Microsoft Visual Studio Solution File, Format Version 12.00
# Visual Studio Version 16
VisualStudioVersion = 16.0.35229.62
MinimumVisualStudioVersion = 10.0.40219.1
Project("{FAE04EC0-301F-11D3-BF4B-00C04F79EFBC}") = "SecureCore", "SecureCore\SecureCore.csproj", "{E7D7D5D9-9E51-463D-8ECA-4F0925F53FED}"
EndProject
Project("{FAE04EC0-301F-11D3-BF4B-00C04F79EFBC}") = "Dades", "..\Dades\Dades.csproj", "{994B6A65-41BC-4014-9EE3-EB7C9161BD34}"
EndProject
Project("{FAE04EC0-301F-11D3-BF4B-00C04F79EFBC}") = "CustomControls", "..\CustomControls\CustomControls.csproj", "{77C1D327-1C61-4CD1-BABD-D13629498441}"
EndProject
Project("{FAE04EC0-301F-11D3-BF4B-00C04F79EFBC}") = "MainFormSC", "..\MainFormSC\MainFormSC.csproj", "{28B770CD-A100-4704-AA7B-2D2739F79E4C}"
EndProject
Project("{FAE04EC0-301F-11D3-BF4B-00C04F79EFBC}") = "Hashing", "..\Hashing\Hashing.csproj", "{C402E829-7745-476B-967F-60350ACC2F39}"
EndProject
Project("{FAE04EC0-301F-11D3-BF4B-00C04F79EFBC}") = "mdiProperties", "..\mdiProperties\mdiProperties.csproj", "{DB4D62F4-335B-41E6-9C8C-84A531E2EAA6}"
EndProject
Project("{FAE04EC0-301F-11D3-BF4B-00C04F79EFBC}") = "FormularioBase", "..\FormularioBase\FormularioBase.csproj", "{66919BE8-323D-4519-8163-4472C59B63BD}"
EndProject
Project("{FAE04EC0-301F-11D3-BF4B-00C04F79EFBC}") = "SplashScreen", "..\SplashScreen\SplashScreen.csproj", "{8577B167-194F-47F0-8982-57C306C10A21}"
EndProject
Project("{FAE04EC0-301F-11D3-BF4B-00C04F79EFBC}") = "UserOptions", "..\UserOptions\UserOptions.csproj", "{9B9A80EE-8089-4134-A2F8-DF5533172FE8}"
EndProject
Project("{FAE04EC0-301F-11D3-BF4B-00C04F79EFBC}") = "Login", "..\Login\Login.csproj", "{599526AF-A32C-4307-A599-F690C17FE08F}"
EndProject
Project("{FAE04EC0-301F-11D3-BF4B-00C04F79EFBC}") = "Users", "..\Users\Users.csproj", "{0F180FE2-08ED-46BE-873F-861EF4C3AD6A}"
EndProject
Project("{FAE04EC0-301F-11D3-BF4B-00C04F79EFBC}") = "RangUsuari", "..\RangUsuari\RangUsuari.csproj", "{67B0AB61-2A18-45D0-8F62-0765BEAAAA01}"
EndProject
Project("{FAE04EC0-301F-11D3-BF4B-00C04F79EFBC}") = "TipusDeNausFK", "..\TipusDeNausFK\TipusDeNausFK.csproj", "{7FF41C10-6EDD-4948-8193-38D24024D204}"
EndProject
Project("{FAE04EC0-301F-11D3-BF4B-00C04F79EFBC}") = "CategoriaNaus", "..\CategoriaNaus\CategoriaNaus.csproj", "{12BEC4DA-E98D-4F8F-B04F-0B3380647EEB}"
EndProject
Project("{7CF6DF6D-3B04-46F8-A40B-537D21BCA0B4}") = "DocumentationSecureCore", "DocumentationSecureCore\DocumentationSecureCore.shfbproj", "{D0D0546D-A836-44E6-B3FD-6FDC0D41A1B8}"
EndProject
Project("{FAE04EC0-301F-11D3-BF4B-00C04F79EFBC}") = "Planets", "..\Planets\Planets.csproj", "{5CA483B4-E9CF-4E3E-BA06-4EF9FE43ACA5}"
EndProject
Project("{FAE04EC0-301F-11D3-BF4B-00C04F79EFBC}") = "UserCategories", "..\UserCategories\UserCategories.csproj", "{AF948442-CED9-4A14-8C61-4F2BA79A397B}"
EndProject
Project("{FAE04EC0-301F-11D3-BF4B-00C04F79EFBC}") = "Test", "..\..\Test\Test.csproj", "{23BF8E0B-C64F-4B91-B831-F0D91BCDFD20}"
EndProject
Global
	GlobalSection(SolutionConfigurationPlatforms) = preSolution
		Debug|Any CPU = Debug|Any CPU
		Release|Any CPU = Release|Any CPU
	EndGlobalSection
	GlobalSection(ProjectConfigurationPlatforms) = postSolution
		{E7D7D5D9-9E51-463D-8ECA-4F0925F53FED}.Debug|Any CPU.ActiveCfg = Debug|Any CPU
		{E7D7D5D9-9E51-463D-8ECA-4F0925F53FED}.Debug|Any CPU.Build.0 = Debug|Any CPU
		{E7D7D5D9-9E51-463D-8ECA-4F0925F53FED}.Release|Any CPU.ActiveCfg = Release|Any CPU
		{E7D7D5D9-9E51-463D-8ECA-4F0925F53FED}.Release|Any CPU.Build.0 = Release|Any CPU
		{994B6A65-41BC-4014-9EE3-EB7C9161BD34}.Debug|Any CPU.ActiveCfg = Debug|Any CPU
		{994B6A65-41BC-4014-9EE3-EB7C9161BD34}.Debug|Any CPU.Build.0 = Debug|Any CPU
		{994B6A65-41BC-4014-9EE3-EB7C9161BD34}.Release|Any CPU.ActiveCfg = Release|Any CPU
		{994B6A65-41BC-4014-9EE3-EB7C9161BD34}.Release|Any CPU.Build.0 = Release|Any CPU
		{77C1D327-1C61-4CD1-BABD-D13629498441}.Debug|Any CPU.ActiveCfg = Debug|Any CPU
		{77C1D327-1C61-4CD1-BABD-D13629498441}.Debug|Any CPU.Build.0 = Debug|Any CPU
		{77C1D327-1C61-4CD1-BABD-D13629498441}.Release|Any CPU.ActiveCfg = Release|Any CPU
		{77C1D327-1C61-4CD1-BABD-D13629498441}.Release|Any CPU.Build.0 = Release|Any CPU
		{28B770CD-A100-4704-AA7B-2D2739F79E4C}.Debug|Any CPU.ActiveCfg = Debug|Any CPU
		{28B770CD-A100-4704-AA7B-2D2739F79E4C}.Debug|Any CPU.Build.0 = Debug|Any CPU
		{28B770CD-A100-4704-AA7B-2D2739F79E4C}.Release|Any CPU.ActiveCfg = Release|Any CPU
		{28B770CD-A100-4704-AA7B-2D2739F79E4C}.Release|Any CPU.Build.0 = Release|Any CPU
		{C402E829-7745-476B-967F-60350ACC2F39}.Debug|Any CPU.ActiveCfg = Debug|Any CPU
		{C402E829-7745-476B-967F-60350ACC2F39}.Debug|Any CPU.Build.0 = Debug|Any CPU
		{C402E829-7745-476B-967F-60350ACC2F39}.Release|Any CPU.ActiveCfg = Release|Any CPU
		{C402E829-7745-476B-967F-60350ACC2F39}.Release|Any CPU.Build.0 = Release|Any CPU
		{DB4D62F4-335B-41E6-9C8C-84A531E2EAA6}.Debug|Any CPU.ActiveCfg = Debug|Any CPU
		{DB4D62F4-335B-41E6-9C8C-84A531E2EAA6}.Debug|Any CPU.Build.0 = Debug|Any CPU
		{DB4D62F4-335B-41E6-9C8C-84A531E2EAA6}.Release|Any CPU.ActiveCfg = Release|Any CPU
		{DB4D62F4-335B-41E6-9C8C-84A531E2EAA6}.Release|Any CPU.Build.0 = Release|Any CPU
		{66919BE8-323D-4519-8163-4472C59B63BD}.Debug|Any CPU.ActiveCfg = Debug|Any CPU
		{66919BE8-323D-4519-8163-4472C59B63BD}.Debug|Any CPU.Build.0 = Debug|Any CPU
		{66919BE8-323D-4519-8163-4472C59B63BD}.Release|Any CPU.ActiveCfg = Release|Any CPU
		{66919BE8-323D-4519-8163-4472C59B63BD}.Release|Any CPU.Build.0 = Release|Any CPU
		{8577B167-194F-47F0-8982-57C306C10A21}.Debug|Any CPU.ActiveCfg = Debug|Any CPU
		{8577B167-194F-47F0-8982-57C306C10A21}.Debug|Any CPU.Build.0 = Debug|Any CPU
		{8577B167-194F-47F0-8982-57C306C10A21}.Release|Any CPU.ActiveCfg = Release|Any CPU
		{8577B167-194F-47F0-8982-57C306C10A21}.Release|Any CPU.Build.0 = Release|Any CPU
		{9B9A80EE-8089-4134-A2F8-DF5533172FE8}.Debug|Any CPU.ActiveCfg = Debug|Any CPU
		{9B9A80EE-8089-4134-A2F8-DF5533172FE8}.Debug|Any CPU.Build.0 = Debug|Any CPU
		{9B9A80EE-8089-4134-A2F8-DF5533172FE8}.Release|Any CPU.ActiveCfg = Release|Any CPU
		{9B9A80EE-8089-4134-A2F8-DF5533172FE8}.Release|Any CPU.Build.0 = Release|Any CPU
		{599526AF-A32C-4307-A599-F690C17FE08F}.Debug|Any CPU.ActiveCfg = Debug|Any CPU
		{599526AF-A32C-4307-A599-F690C17FE08F}.Debug|Any CPU.Build.0 = Debug|Any CPU
		{599526AF-A32C-4307-A599-F690C17FE08F}.Release|Any CPU.ActiveCfg = Release|Any CPU
		{599526AF-A32C-4307-A599-F690C17FE08F}.Release|Any CPU.Build.0 = Release|Any CPU
		{0F180FE2-08ED-46BE-873F-861EF4C3AD6A}.Debug|Any CPU.ActiveCfg = Debug|Any CPU
		{0F180FE2-08ED-46BE-873F-861EF4C3AD6A}.Debug|Any CPU.Build.0 = Debug|Any CPU
		{0F180FE2-08ED-46BE-873F-861EF4C3AD6A}.Release|Any CPU.ActiveCfg = Release|Any CPU
		{0F180FE2-08ED-46BE-873F-861EF4C3AD6A}.Release|Any CPU.Build.0 = Release|Any CPU
		{67B0AB61-2A18-45D0-8F62-0765BEAAAA01}.Debug|Any CPU.ActiveCfg = Debug|Any CPU
		{67B0AB61-2A18-45D0-8F62-0765BEAAAA01}.Debug|Any CPU.Build.0 = Debug|Any CPU
		{67B0AB61-2A18-45D0-8F62-0765BEAAAA01}.Release|Any CPU.ActiveCfg = Release|Any CPU
		{67B0AB61-2A18-45D0-8F62-0765BEAAAA01}.Release|Any CPU.Build.0 = Release|Any CPU
		{7FF41C10-6EDD-4948-8193-38D24024D204}.Debug|Any CPU.ActiveCfg = Debug|Any CPU
		{7FF41C10-6EDD-4948-8193-38D24024D204}.Debug|Any CPU.Build.0 = Debug|Any CPU
		{7FF41C10-6EDD-4948-8193-38D24024D204}.Release|Any CPU.ActiveCfg = Release|Any CPU
		{7FF41C10-6EDD-4948-8193-38D24024D204}.Release|Any CPU.Build.0 = Release|Any CPU
		{12BEC4DA-E98D-4F8F-B04F-0B3380647EEB}.Debug|Any CPU.ActiveCfg = Debug|Any CPU
		{12BEC4DA-E98D-4F8F-B04F-0B3380647EEB}.Debug|Any CPU.Build.0 = Debug|Any CPU
		{12BEC4DA-E98D-4F8F-B04F-0B3380647EEB}.Release|Any CPU.ActiveCfg = Release|Any CPU
		{12BEC4DA-E98D-4F8F-B04F-0B3380647EEB}.Release|Any CPU.Build.0 = Release|Any CPU
		{D0D0546D-A836-44E6-B3FD-6FDC0D41A1B8}.Debug|Any CPU.ActiveCfg = Debug|Any CPU
		{D0D0546D-A836-44E6-B3FD-6FDC0D41A1B8}.Debug|Any CPU.Build.0 = Debug|Any CPU
		{D0D0546D-A836-44E6-B3FD-6FDC0D41A1B8}.Release|Any CPU.ActiveCfg = Release|Any CPU
		{D0D0546D-A836-44E6-B3FD-6FDC0D41A1B8}.Release|Any CPU.Build.0 = Release|Any CPU
		{5CA483B4-E9CF-4E3E-BA06-4EF9FE43ACA5}.Debug|Any CPU.ActiveCfg = Debug|Any CPU
		{5CA483B4-E9CF-4E3E-BA06-4EF9FE43ACA5}.Debug|Any CPU.Build.0 = Debug|Any CPU
		{5CA483B4-E9CF-4E3E-BA06-4EF9FE43ACA5}.Release|Any CPU.ActiveCfg = Release|Any CPU
		{5CA483B4-E9CF-4E3E-BA06-4EF9FE43ACA5}.Release|Any CPU.Build.0 = Release|Any CPU
		{AF948442-CED9-4A14-8C61-4F2BA79A397B}.Debug|Any CPU.ActiveCfg = Debug|Any CPU
		{AF948442-CED9-4A14-8C61-4F2BA79A397B}.Debug|Any CPU.Build.0 = Debug|Any CPU
		{AF948442-CED9-4A14-8C61-4F2BA79A397B}.Release|Any CPU.ActiveCfg = Release|Any CPU
		{AF948442-CED9-4A14-8C61-4F2BA79A397B}.Release|Any CPU.Build.0 = Release|Any CPU
		{23BF8E0B-C64F-4B91-B831-F0D91BCDFD20}.Debug|Any CPU.ActiveCfg = Debug|Any CPU
		{23BF8E0B-C64F-4B91-B831-F0D91BCDFD20}.Debug|Any CPU.Build.0 = Debug|Any CPU
		{23BF8E0B-C64F-4B91-B831-F0D91BCDFD20}.Release|Any CPU.ActiveCfg = Release|Any CPU
		{23BF8E0B-C64F-4B91-B831-F0D91BCDFD20}.Release|Any CPU.Build.0 = Release|Any CPU
	EndGlobalSection
	GlobalSection(SolutionProperties) = preSolution
		HideSolutionNode = FALSE
	EndGlobalSection
	GlobalSection(ExtensibilityGlobals) = postSolution
		SolutionGuid = {4E6B51E0-1623-486B-BCFF-8B20697D6D30}
	EndGlobalSection
EndGlobal
